// !$*UTF8*$!
{
	archiveVersion = 1;
	classes = {
	};
	objectVersion = 56;
	objects = {

/* Begin PBXBuildFile section */
		C73C703029C7498A0047CBDE /* AuthenticationManager.swift in Sources */ = {isa = PBXBuildFile; fileRef = C73C702F29C7498A0047CBDE /* AuthenticationManager.swift */; };
		C73C703229C7546B0047CBDE /* RootView.swift in Sources */ = {isa = PBXBuildFile; fileRef = C73C703129C7546B0047CBDE /* RootView.swift */; };
		C73C703429C757F60047CBDE /* SettingsView.swift in Sources */ = {isa = PBXBuildFile; fileRef = C73C703329C757F60047CBDE /* SettingsView.swift */; };
		C79A170A29CED5CA009A6D41 /* GoogleSignIn in Frameworks */ = {isa = PBXBuildFile; productRef = C79A170929CED5CA009A6D41 /* GoogleSignIn */; };
		C79A170C29CED5CA009A6D41 /* GoogleSignInSwift in Frameworks */ = {isa = PBXBuildFile; productRef = C79A170B29CED5CA009A6D41 /* GoogleSignInSwift */; };
		C79A171029CEE51B009A6D41 /* Utilities.swift in Sources */ = {isa = PBXBuildFile; fileRef = C79A170F29CEE51B009A6D41 /* Utilities.swift */; };
		C79A171229D0151A009A6D41 /* SignInGoogleHelper.swift in Sources */ = {isa = PBXBuildFile; fileRef = C79A171129D0151A009A6D41 /* SignInGoogleHelper.swift */; };
		C7D9469A29C03166009ED9BC /* SwiftfulFirebaseBCApp.swift in Sources */ = {isa = PBXBuildFile; fileRef = C7D9469929C03166009ED9BC /* SwiftfulFirebaseBCApp.swift */; };
		C7D9469E29C03168009ED9BC /* Assets.xcassets in Resources */ = {isa = PBXBuildFile; fileRef = C7D9469D29C03168009ED9BC /* Assets.xcassets */; };
		C7D946A129C03168009ED9BC /* Preview Assets.xcassets in Resources */ = {isa = PBXBuildFile; fileRef = C7D946A029C03168009ED9BC /* Preview Assets.xcassets */; };
		C7D946A829C031DE009ED9BC /* GoogleService-Info.plist in Resources */ = {isa = PBXBuildFile; fileRef = C7D946A729C031DE009ED9BC /* GoogleService-Info.plist */; };
		C7D946AB29C03399009ED9BC /* FirebaseAnalytics in Frameworks */ = {isa = PBXBuildFile; productRef = C7D946AA29C03399009ED9BC /* FirebaseAnalytics */; };
		C7D946AD29C03399009ED9BC /* FirebaseAnalyticsSwift in Frameworks */ = {isa = PBXBuildFile; productRef = C7D946AC29C03399009ED9BC /* FirebaseAnalyticsSwift */; };
		C7D946D029C37253009ED9BC /* FirebaseAuth in Frameworks */ = {isa = PBXBuildFile; productRef = C7D946CF29C37253009ED9BC /* FirebaseAuth */; };
		C7D946D329C37694009ED9BC /* AuthenticationView.swift in Sources */ = {isa = PBXBuildFile; fileRef = C7D946D229C37694009ED9BC /* AuthenticationView.swift */; };
		C7D946D529C44FAF009ED9BC /* SignInEmailView.swift in Sources */ = {isa = PBXBuildFile; fileRef = C7D946D429C44FAF009ED9BC /* SignInEmailView.swift */; };
		C7EB288429DB20F400259447 /* FirebaseFirestore in Frameworks */ = {isa = PBXBuildFile; productRef = C7EB288329DB20F400259447 /* FirebaseFirestore */; };
		C7EB288629DB20F400259447 /* FirebaseFirestoreSwift in Frameworks */ = {isa = PBXBuildFile; productRef = C7EB288529DB20F400259447 /* FirebaseFirestoreSwift */; };
		C7EB288A29DB228E00259447 /* SettingsViewModel.swift in Sources */ = {isa = PBXBuildFile; fileRef = C7EB288929DB228E00259447 /* SettingsViewModel.swift */; };
		C7EB288D29DB235F00259447 /* AuthenticationViewModel.swift in Sources */ = {isa = PBXBuildFile; fileRef = C7EB288C29DB235F00259447 /* AuthenticationViewModel.swift */; };
		C7EB289029DB24DC00259447 /* SignInEmailViewModel.swift in Sources */ = {isa = PBXBuildFile; fileRef = C7EB288F29DB24DC00259447 /* SignInEmailViewModel.swift */; };
		C7EB289329DB26B000259447 /* ProfileView.swift in Sources */ = {isa = PBXBuildFile; fileRef = C7EB289229DB26B000259447 /* ProfileView.swift */; };
		C7EB289629DB2C9800259447 /* UserManager.swift in Sources */ = {isa = PBXBuildFile; fileRef = C7EB289529DB2C9800259447 /* UserManager.swift */; };
/* End PBXBuildFile section */

/* Begin PBXFileReference section */
		C73C702F29C7498A0047CBDE /* AuthenticationManager.swift */ = {isa = PBXFileReference; lastKnownFileType = sourcecode.swift; path = AuthenticationManager.swift; sourceTree = "<group>"; };
		C73C703129C7546B0047CBDE /* RootView.swift */ = {isa = PBXFileReference; lastKnownFileType = sourcecode.swift; path = RootView.swift; sourceTree = "<group>"; };
		C73C703329C757F60047CBDE /* SettingsView.swift */ = {isa = PBXFileReference; lastKnownFileType = sourcecode.swift; path = SettingsView.swift; sourceTree = "<group>"; };
		C79A170D29CED7C5009A6D41 /* Info.plist */ = {isa = PBXFileReference; lastKnownFileType = text.plist; path = Info.plist; sourceTree = "<group>"; };
		C79A170F29CEE51B009A6D41 /* Utilities.swift */ = {isa = PBXFileReference; lastKnownFileType = sourcecode.swift; path = Utilities.swift; sourceTree = "<group>"; };
		C79A171129D0151A009A6D41 /* SignInGoogleHelper.swift */ = {isa = PBXFileReference; lastKnownFileType = sourcecode.swift; path = SignInGoogleHelper.swift; sourceTree = "<group>"; };
		C7D9469629C03166009ED9BC /* SwiftfulFirebaseBC.app */ = {isa = PBXFileReference; explicitFileType = wrapper.application; includeInIndex = 0; path = SwiftfulFirebaseBC.app; sourceTree = BUILT_PRODUCTS_DIR; };
		C7D9469929C03166009ED9BC /* SwiftfulFirebaseBCApp.swift */ = {isa = PBXFileReference; lastKnownFileType = sourcecode.swift; path = SwiftfulFirebaseBCApp.swift; sourceTree = "<group>"; };
		C7D9469D29C03168009ED9BC /* Assets.xcassets */ = {isa = PBXFileReference; lastKnownFileType = folder.assetcatalog; path = Assets.xcassets; sourceTree = "<group>"; };
		C7D946A029C03168009ED9BC /* Preview Assets.xcassets */ = {isa = PBXFileReference; lastKnownFileType = folder.assetcatalog; path = "Preview Assets.xcassets"; sourceTree = "<group>"; };
		C7D946A729C031DE009ED9BC /* GoogleService-Info.plist */ = {isa = PBXFileReference; fileEncoding = 4; lastKnownFileType = text.plist.xml; path = "GoogleService-Info.plist"; sourceTree = "<group>"; };
		C7D946D229C37694009ED9BC /* AuthenticationView.swift */ = {isa = PBXFileReference; lastKnownFileType = sourcecode.swift; path = AuthenticationView.swift; sourceTree = "<group>"; };
		C7D946D429C44FAF009ED9BC /* SignInEmailView.swift */ = {isa = PBXFileReference; lastKnownFileType = sourcecode.swift; path = SignInEmailView.swift; sourceTree = "<group>"; };
		C7EB288929DB228E00259447 /* SettingsViewModel.swift */ = {isa = PBXFileReference; lastKnownFileType = sourcecode.swift; path = SettingsViewModel.swift; sourceTree = "<group>"; };
		C7EB288C29DB235F00259447 /* AuthenticationViewModel.swift */ = {isa = PBXFileReference; lastKnownFileType = sourcecode.swift; path = AuthenticationViewModel.swift; sourceTree = "<group>"; };
		C7EB288F29DB24DC00259447 /* SignInEmailViewModel.swift */ = {isa = PBXFileReference; lastKnownFileType = sourcecode.swift; path = SignInEmailViewModel.swift; sourceTree = "<group>"; };
		C7EB289229DB26B000259447 /* ProfileView.swift */ = {isa = PBXFileReference; lastKnownFileType = sourcecode.swift; path = ProfileView.swift; sourceTree = "<group>"; };
		C7EB289529DB2C9800259447 /* UserManager.swift */ = {isa = PBXFileReference; lastKnownFileType = sourcecode.swift; path = UserManager.swift; sourceTree = "<group>"; };
/* End PBXFileReference section */

/* Begin PBXFrameworksBuildPhase section */
		C7D9469329C03166009ED9BC /* Frameworks */ = {
			isa = PBXFrameworksBuildPhase;
			buildActionMask = 2147483647;
			files = (
				C79A170C29CED5CA009A6D41 /* GoogleSignInSwift in Frameworks */,
				C7D946AD29C03399009ED9BC /* FirebaseAnalyticsSwift in Frameworks */,
				C79A170A29CED5CA009A6D41 /* GoogleSignIn in Frameworks */,
				C7EB288629DB20F400259447 /* FirebaseFirestoreSwift in Frameworks */,
				C7D946D029C37253009ED9BC /* FirebaseAuth in Frameworks */,
				C7D946AB29C03399009ED9BC /* FirebaseAnalytics in Frameworks */,
				C7EB288429DB20F400259447 /* FirebaseFirestore in Frameworks */,
			);
			runOnlyForDeploymentPostprocessing = 0;
		};
/* End PBXFrameworksBuildPhase section */

/* Begin PBXGroup section */
		C79A170E29CEE50B009A6D41 /* Utilities */ = {
			isa = PBXGroup;
			children = (
				C79A170F29CEE51B009A6D41 /* Utilities.swift */,
			);
			path = Utilities;
			sourceTree = "<group>";
		};
		C7D9468D29C03166009ED9BC = {
			isa = PBXGroup;
			children = (
				C7D9469829C03166009ED9BC /* SwiftfulFirebaseBC */,
				C7D9469729C03166009ED9BC /* Products */,
				C7D946CE29C37253009ED9BC /* Frameworks */,
			);
			sourceTree = "<group>";
		};
		C7D9469729C03166009ED9BC /* Products */ = {
			isa = PBXGroup;
			children = (
				C7D9469629C03166009ED9BC /* SwiftfulFirebaseBC.app */,
			);
			name = Products;
			sourceTree = "<group>";
		};
		C7D9469829C03166009ED9BC /* SwiftfulFirebaseBC */ = {
			isa = PBXGroup;
			children = (
				C79A170D29CED7C5009A6D41 /* Info.plist */,
				C7D9469929C03166009ED9BC /* SwiftfulFirebaseBCApp.swift */,
				C7EB288729DB225800259447 /* Core */,
				C79A170E29CEE50B009A6D41 /* Utilities */,
				C7D946D129C3766E009ED9BC /* Authentication */,
				C7EB289429DB2C6000259447 /* Firestore */,
				C7D946A729C031DE009ED9BC /* GoogleService-Info.plist */,
				C7D9469D29C03168009ED9BC /* Assets.xcassets */,
				C7D9469F29C03168009ED9BC /* Preview Content */,
			);
			path = SwiftfulFirebaseBC;
			sourceTree = "<group>";
		};
		C7D9469F29C03168009ED9BC /* Preview Content */ = {
			isa = PBXGroup;
			children = (
				C7D946A029C03168009ED9BC /* Preview Assets.xcassets */,
			);
			path = "Preview Content";
			sourceTree = "<group>";
		};
		C7D946CE29C37253009ED9BC /* Frameworks */ = {
			isa = PBXGroup;
			children = (
			);
			name = Frameworks;
			sourceTree = "<group>";
		};
		C7D946D129C3766E009ED9BC /* Authentication */ = {
			isa = PBXGroup;
			children = (
				C73C702F29C7498A0047CBDE /* AuthenticationManager.swift */,
				C79A171129D0151A009A6D41 /* SignInGoogleHelper.swift */,
			);
			path = Authentication;
			sourceTree = "<group>";
		};
		C7EB288729DB225800259447 /* Core */ = {
			isa = PBXGroup;
			children = (
				C73C703129C7546B0047CBDE /* RootView.swift */,
				C7EB288B29DB233900259447 /* Authentication */,
				C7EB289129DB268000259447 /* Profile */,
				C7EB288829DB226C00259447 /* Settings */,
			);
			path = Core;
			sourceTree = "<group>";
		};
		C7EB288829DB226C00259447 /* Settings */ = {
			isa = PBXGroup;
			children = (
				C73C703329C757F60047CBDE /* SettingsView.swift */,
				C7EB288929DB228E00259447 /* SettingsViewModel.swift */,
			);
			path = Settings;
			sourceTree = "<group>";
		};
		C7EB288B29DB233900259447 /* Authentication */ = {
			isa = PBXGroup;
			children = (
				C7D946D229C37694009ED9BC /* AuthenticationView.swift */,
				C7EB288C29DB235F00259447 /* AuthenticationViewModel.swift */,
				C7EB288E29DB24C400259447 /* SubViews */,
			);
			path = Authentication;
			sourceTree = "<group>";
		};
		C7EB288E29DB24C400259447 /* SubViews */ = {
			isa = PBXGroup;
			children = (
				C7D946D429C44FAF009ED9BC /* SignInEmailView.swift */,
				C7EB288F29DB24DC00259447 /* SignInEmailViewModel.swift */,
			);
			path = SubViews;
			sourceTree = "<group>";
		};
		C7EB289129DB268000259447 /* Profile */ = {
			isa = PBXGroup;
			children = (
				C7EB289229DB26B000259447 /* ProfileView.swift */,
			);
			path = Profile;
			sourceTree = "<group>";
		};
		C7EB289429DB2C6000259447 /* Firestore */ = {
			isa = PBXGroup;
			children = (
				C7EB289529DB2C9800259447 /* UserManager.swift */,
			);
			path = Firestore;
			sourceTree = "<group>";
		};
/* End PBXGroup section */

/* Begin PBXNativeTarget section */
		C7D9469529C03166009ED9BC /* SwiftfulFirebaseBC */ = {
			isa = PBXNativeTarget;
			buildConfigurationList = C7D946A429C03168009ED9BC /* Build configuration list for PBXNativeTarget "SwiftfulFirebaseBC" */;
			buildPhases = (
				C7D9469229C03166009ED9BC /* Sources */,
				C7D9469329C03166009ED9BC /* Frameworks */,
				C7D9469429C03166009ED9BC /* Resources */,
			);
			buildRules = (
			);
			dependencies = (
			);
			name = SwiftfulFirebaseBC;
			packageProductDependencies = (
				C7D946AA29C03399009ED9BC /* FirebaseAnalytics */,
				C7D946AC29C03399009ED9BC /* FirebaseAnalyticsSwift */,
				C7D946CF29C37253009ED9BC /* FirebaseAuth */,
				C79A170929CED5CA009A6D41 /* GoogleSignIn */,
				C79A170B29CED5CA009A6D41 /* GoogleSignInSwift */,
				C7EB288329DB20F400259447 /* FirebaseFirestore */,
				C7EB288529DB20F400259447 /* FirebaseFirestoreSwift */,
			);
			productName = SwiftfulFirebaseBC;
			productReference = C7D9469629C03166009ED9BC /* SwiftfulFirebaseBC.app */;
			productType = "com.apple.product-type.application";
		};
/* End PBXNativeTarget section */

/* Begin PBXProject section */
		C7D9468E29C03166009ED9BC /* Project object */ = {
			isa = PBXProject;
			attributes = {
				BuildIndependentTargetsInParallel = 1;
				LastSwiftUpdateCheck = 1420;
				LastUpgradeCheck = 1420;
				TargetAttributes = {
					C7D9469529C03166009ED9BC = {
						CreatedOnToolsVersion = 14.2;
					};
				};
			};
			buildConfigurationList = C7D9469129C03166009ED9BC /* Build configuration list for PBXProject "SwiftfulFirebaseBC" */;
			compatibilityVersion = "Xcode 14.0";
			developmentRegion = en;
			hasScannedForEncodings = 0;
			knownRegions = (
				en,
				Base,
			);
			mainGroup = C7D9468D29C03166009ED9BC;
			packageReferences = (
				C7D946A929C03399009ED9BC /* XCRemoteSwiftPackageReference "firebase-ios-sdk" */,
				C79A170829CED5CA009A6D41 /* XCRemoteSwiftPackageReference "GoogleSignIn-iOS" */,
			);
			productRefGroup = C7D9469729C03166009ED9BC /* Products */;
			projectDirPath = "";
			projectRoot = "";
			targets = (
				C7D9469529C03166009ED9BC /* SwiftfulFirebaseBC */,
			);
		};
/* End PBXProject section */

/* Begin PBXResourcesBuildPhase section */
		C7D9469429C03166009ED9BC /* Resources */ = {
			isa = PBXResourcesBuildPhase;
			buildActionMask = 2147483647;
			files = (
				C7D946A129C03168009ED9BC /* Preview Assets.xcassets in Resources */,
				C7D9469E29C03168009ED9BC /* Assets.xcassets in Resources */,
				C7D946A829C031DE009ED9BC /* GoogleService-Info.plist in Resources */,
			);
			runOnlyForDeploymentPostprocessing = 0;
		};
/* End PBXResourcesBuildPhase section */

/* Begin PBXSourcesBuildPhase section */
		C7D9469229C03166009ED9BC /* Sources */ = {
			isa = PBXSourcesBuildPhase;
			buildActionMask = 2147483647;
			files = (
				C79A171229D0151A009A6D41 /* SignInGoogleHelper.swift in Sources */,
				C73C703429C757F60047CBDE /* SettingsView.swift in Sources */,
				C7D9469A29C03166009ED9BC /* SwiftfulFirebaseBCApp.swift in Sources */,
				C7EB289629DB2C9800259447 /* UserManager.swift in Sources */,
				C73C703229C7546B0047CBDE /* RootView.swift in Sources */,
				C7EB289329DB26B000259447 /* ProfileView.swift in Sources */,
				C7D946D329C37694009ED9BC /* AuthenticationView.swift in Sources */,
				C79A171029CEE51B009A6D41 /* Utilities.swift in Sources */,
				C7EB288D29DB235F00259447 /* AuthenticationViewModel.swift in Sources */,
				C7EB289029DB24DC00259447 /* SignInEmailViewModel.swift in Sources */,
				C73C703029C7498A0047CBDE /* AuthenticationManager.swift in Sources */,
				C7D946D529C44FAF009ED9BC /* SignInEmailView.swift in Sources */,
				C7EB288A29DB228E00259447 /* SettingsViewModel.swift in Sources */,
			);
			runOnlyForDeploymentPostprocessing = 0;
		};
/* End PBXSourcesBuildPhase section */

/* Begin XCBuildConfiguration section */
		C7D946A229C03168009ED9BC /* Debug */ = {
			isa = XCBuildConfiguration;
			buildSettings = {
				ALWAYS_SEARCH_USER_PATHS = NO;
				CLANG_ANALYZER_NONNULL = YES;
				CLANG_ANALYZER_NUMBER_OBJECT_CONVERSION = YES_AGGRESSIVE;
				CLANG_CXX_LANGUAGE_STANDARD = "gnu++20";
				CLANG_ENABLE_MODULES = YES;
				CLANG_ENABLE_OBJC_ARC = YES;
				CLANG_ENABLE_OBJC_WEAK = YES;
				CLANG_WARN_BLOCK_CAPTURE_AUTORELEASING = YES;
				CLANG_WARN_BOOL_CONVERSION = YES;
				CLANG_WARN_COMMA = YES;
				CLANG_WARN_CONSTANT_CONVERSION = YES;
				CLANG_WARN_DEPRECATED_OBJC_IMPLEMENTATIONS = YES;
				CLANG_WARN_DIRECT_OBJC_ISA_USAGE = YES_ERROR;
				CLANG_WARN_DOCUMENTATION_COMMENTS = YES;
				CLANG_WARN_EMPTY_BODY = YES;
				CLANG_WARN_ENUM_CONVERSION = YES;
				CLANG_WARN_INFINITE_RECURSION = YES;
				CLANG_WARN_INT_CONVERSION = YES;
				CLANG_WARN_NON_LITERAL_NULL_CONVERSION = YES;
				CLANG_WARN_OBJC_IMPLICIT_RETAIN_SELF = YES;
				CLANG_WARN_OBJC_LITERAL_CONVERSION = YES;
				CLANG_WARN_OBJC_ROOT_CLASS = YES_ERROR;
				CLANG_WARN_QUOTED_INCLUDE_IN_FRAMEWORK_HEADER = YES;
				CLANG_WARN_RANGE_LOOP_ANALYSIS = YES;
				CLANG_WARN_STRICT_PROTOTYPES = YES;
				CLANG_WARN_SUSPICIOUS_MOVE = YES;
				CLANG_WARN_UNGUARDED_AVAILABILITY = YES_AGGRESSIVE;
				CLANG_WARN_UNREACHABLE_CODE = YES;
				CLANG_WARN__DUPLICATE_METHOD_MATCH = YES;
				COPY_PHASE_STRIP = NO;
				DEBUG_INFORMATION_FORMAT = dwarf;
				ENABLE_STRICT_OBJC_MSGSEND = YES;
				ENABLE_TESTABILITY = YES;
				GCC_C_LANGUAGE_STANDARD = gnu11;
				GCC_DYNAMIC_NO_PIC = NO;
				GCC_NO_COMMON_BLOCKS = YES;
				GCC_OPTIMIZATION_LEVEL = 0;
				GCC_PREPROCESSOR_DEFINITIONS = (
					"DEBUG=1",
					"$(inherited)",
				);
				GCC_WARN_64_TO_32_BIT_CONVERSION = YES;
				GCC_WARN_ABOUT_RETURN_TYPE = YES_ERROR;
				GCC_WARN_UNDECLARED_SELECTOR = YES;
				GCC_WARN_UNINITIALIZED_AUTOS = YES_AGGRESSIVE;
				GCC_WARN_UNUSED_FUNCTION = YES;
				GCC_WARN_UNUSED_VARIABLE = YES;
				IPHONEOS_DEPLOYMENT_TARGET = 16.2;
				MTL_ENABLE_DEBUG_INFO = INCLUDE_SOURCE;
				MTL_FAST_MATH = YES;
				ONLY_ACTIVE_ARCH = YES;
				SDKROOT = iphoneos;
				SWIFT_ACTIVE_COMPILATION_CONDITIONS = DEBUG;
				SWIFT_OPTIMIZATION_LEVEL = "-Onone";
			};
			name = Debug;
		};
		C7D946A329C03168009ED9BC /* Release */ = {
			isa = XCBuildConfiguration;
			buildSettings = {
				ALWAYS_SEARCH_USER_PATHS = NO;
				CLANG_ANALYZER_NONNULL = YES;
				CLANG_ANALYZER_NUMBER_OBJECT_CONVERSION = YES_AGGRESSIVE;
				CLANG_CXX_LANGUAGE_STANDARD = "gnu++20";
				CLANG_ENABLE_MODULES = YES;
				CLANG_ENABLE_OBJC_ARC = YES;
				CLANG_ENABLE_OBJC_WEAK = YES;
				CLANG_WARN_BLOCK_CAPTURE_AUTORELEASING = YES;
				CLANG_WARN_BOOL_CONVERSION = YES;
				CLANG_WARN_COMMA = YES;
				CLANG_WARN_CONSTANT_CONVERSION = YES;
				CLANG_WARN_DEPRECATED_OBJC_IMPLEMENTATIONS = YES;
				CLANG_WARN_DIRECT_OBJC_ISA_USAGE = YES_ERROR;
				CLANG_WARN_DOCUMENTATION_COMMENTS = YES;
				CLANG_WARN_EMPTY_BODY = YES;
				CLANG_WARN_ENUM_CONVERSION = YES;
				CLANG_WARN_INFINITE_RECURSION = YES;
				CLANG_WARN_INT_CONVERSION = YES;
				CLANG_WARN_NON_LITERAL_NULL_CONVERSION = YES;
				CLANG_WARN_OBJC_IMPLICIT_RETAIN_SELF = YES;
				CLANG_WARN_OBJC_LITERAL_CONVERSION = YES;
				CLANG_WARN_OBJC_ROOT_CLASS = YES_ERROR;
				CLANG_WARN_QUOTED_INCLUDE_IN_FRAMEWORK_HEADER = YES;
				CLANG_WARN_RANGE_LOOP_ANALYSIS = YES;
				CLANG_WARN_STRICT_PROTOTYPES = YES;
				CLANG_WARN_SUSPICIOUS_MOVE = YES;
				CLANG_WARN_UNGUARDED_AVAILABILITY = YES_AGGRESSIVE;
				CLANG_WARN_UNREACHABLE_CODE = YES;
				CLANG_WARN__DUPLICATE_METHOD_MATCH = YES;
				COPY_PHASE_STRIP = NO;
				DEBUG_INFORMATION_FORMAT = "dwarf-with-dsym";
				ENABLE_NS_ASSERTIONS = NO;
				ENABLE_STRICT_OBJC_MSGSEND = YES;
				GCC_C_LANGUAGE_STANDARD = gnu11;
				GCC_NO_COMMON_BLOCKS = YES;
				GCC_WARN_64_TO_32_BIT_CONVERSION = YES;
				GCC_WARN_ABOUT_RETURN_TYPE = YES_ERROR;
				GCC_WARN_UNDECLARED_SELECTOR = YES;
				GCC_WARN_UNINITIALIZED_AUTOS = YES_AGGRESSIVE;
				GCC_WARN_UNUSED_FUNCTION = YES;
				GCC_WARN_UNUSED_VARIABLE = YES;
				IPHONEOS_DEPLOYMENT_TARGET = 16.2;
				MTL_ENABLE_DEBUG_INFO = NO;
				MTL_FAST_MATH = YES;
				SDKROOT = iphoneos;
				SWIFT_COMPILATION_MODE = wholemodule;
				SWIFT_OPTIMIZATION_LEVEL = "-O";
				VALIDATE_PRODUCT = YES;
			};
			name = Release;
		};
		C7D946A529C03168009ED9BC /* Debug */ = {
			isa = XCBuildConfiguration;
			buildSettings = {
				ASSETCATALOG_COMPILER_APPICON_NAME = AppIcon;
				ASSETCATALOG_COMPILER_GLOBAL_ACCENT_COLOR_NAME = AccentColor;
				CODE_SIGN_STYLE = Automatic;
				CURRENT_PROJECT_VERSION = 1;
				DEVELOPMENT_ASSET_PATHS = "\"SwiftfulFirebaseBC/Preview Content\"";
				ENABLE_PREVIEWS = YES;
				GENERATE_INFOPLIST_FILE = YES;
				INFOPLIST_FILE = SwiftfulFirebaseBC/Info.plist;
				INFOPLIST_KEY_UIApplicationSceneManifest_Generation = YES;
				INFOPLIST_KEY_UIApplicationSupportsIndirectInputEvents = YES;
				INFOPLIST_KEY_UILaunchScreen_Generation = YES;
				INFOPLIST_KEY_UISupportedInterfaceOrientations_iPad = "UIInterfaceOrientationPortrait UIInterfaceOrientationPortraitUpsideDown UIInterfaceOrientationLandscapeLeft UIInterfaceOrientationLandscapeRight";
				INFOPLIST_KEY_UISupportedInterfaceOrientations_iPhone = "UIInterfaceOrientationPortrait UIInterfaceOrientationLandscapeLeft UIInterfaceOrientationLandscapeRight";
				LD_RUNPATH_SEARCH_PATHS = (
					"$(inherited)",
					"@executable_path/Frameworks",
				);
				MARKETING_VERSION = 1.0;
				PRODUCT_BUNDLE_IDENTIFIER = test.SwiftfulFirebaseBC;
				PRODUCT_NAME = "$(TARGET_NAME)";
				SWIFT_EMIT_LOC_STRINGS = YES;
				SWIFT_VERSION = 5.0;
				TARGETED_DEVICE_FAMILY = "1,2";
			};
			name = Debug;
		};
		C7D946A629C03168009ED9BC /* Release */ = {
			isa = XCBuildConfiguration;
			buildSettings = {
				ASSETCATALOG_COMPILER_APPICON_NAME = AppIcon;
				ASSETCATALOG_COMPILER_GLOBAL_ACCENT_COLOR_NAME = AccentColor;
				CODE_SIGN_STYLE = Automatic;
				CURRENT_PROJECT_VERSION = 1;
				DEVELOPMENT_ASSET_PATHS = "\"SwiftfulFirebaseBC/Preview Content\"";
				ENABLE_PREVIEWS = YES;
				GENERATE_INFOPLIST_FILE = YES;
				INFOPLIST_FILE = SwiftfulFirebaseBC/Info.plist;
				INFOPLIST_KEY_UIApplicationSceneManifest_Generation = YES;
				INFOPLIST_KEY_UIApplicationSupportsIndirectInputEvents = YES;
				INFOPLIST_KEY_UILaunchScreen_Generation = YES;
				INFOPLIST_KEY_UISupportedInterfaceOrientations_iPad = "UIInterfaceOrientationPortrait UIInterfaceOrientationPortraitUpsideDown UIInterfaceOrientationLandscapeLeft UIInterfaceOrientationLandscapeRight";
				INFOPLIST_KEY_UISupportedInterfaceOrientations_iPhone = "UIInterfaceOrientationPortrait UIInterfaceOrientationLandscapeLeft UIInterfaceOrientationLandscapeRight";
				LD_RUNPATH_SEARCH_PATHS = (
					"$(inherited)",
					"@executable_path/Frameworks",
				);
				MARKETING_VERSION = 1.0;
				PRODUCT_BUNDLE_IDENTIFIER = test.SwiftfulFirebaseBC;
				PRODUCT_NAME = "$(TARGET_NAME)";
				SWIFT_EMIT_LOC_STRINGS = YES;
				SWIFT_VERSION = 5.0;
				TARGETED_DEVICE_FAMILY = "1,2";
			};
			name = Release;
		};
/* End XCBuildConfiguration section */

/* Begin XCConfigurationList section */
		C7D9469129C03166009ED9BC /* Build configuration list for PBXProject "SwiftfulFirebaseBC" */ = {
			isa = XCConfigurationList;
			buildConfigurations = (
				C7D946A229C03168009ED9BC /* Debug */,
				C7D946A329C03168009ED9BC /* Release */,
			);
			defaultConfigurationIsVisible = 0;
			defaultConfigurationName = Release;
		};
		C7D946A429C03168009ED9BC /* Build configuration list for PBXNativeTarget "SwiftfulFirebaseBC" */ = {
			isa = XCConfigurationList;
			buildConfigurations = (
				C7D946A529C03168009ED9BC /* Debug */,
				C7D946A629C03168009ED9BC /* Release */,
			);
			defaultConfigurationIsVisible = 0;
			defaultConfigurationName = Release;
		};
/* End XCConfigurationList section */

/* Begin XCRemoteSwiftPackageReference section */
		C79A170829CED5CA009A6D41 /* XCRemoteSwiftPackageReference "GoogleSignIn-iOS" */ = {
			isa = XCRemoteSwiftPackageReference;
			repositoryURL = "https://github.com/google/GoogleSignIn-iOS.git";
			requirement = {
				kind = upToNextMajorVersion;
				minimumVersion = 7.0.0;
			};
		};
		C7D946A929C03399009ED9BC /* XCRemoteSwiftPackageReference "firebase-ios-sdk" */ = {
			isa = XCRemoteSwiftPackageReference;
			repositoryURL = "https://github.com/firebase/firebase-ios-sdk";
			requirement = {
				kind = exactVersion;
				version = 10.6.0;
			};
		};
/* End XCRemoteSwiftPackageReference section */

/* Begin XCSwiftPackageProductDependency section */
		C79A170929CED5CA009A6D41 /* GoogleSignIn */ = {
			isa = XCSwiftPackageProductDependency;
			package = C79A170829CED5CA009A6D41 /* XCRemoteSwiftPackageReference "GoogleSignIn-iOS" */;
			productName = GoogleSignIn;
		};
		C79A170B29CED5CA009A6D41 /* GoogleSignInSwift */ = {
			isa = XCSwiftPackageProductDependency;
			package = C79A170829CED5CA009A6D41 /* XCRemoteSwiftPackageReference "GoogleSignIn-iOS" */;
			productName = GoogleSignInSwift;
		};
		C7D946AA29C03399009ED9BC /* FirebaseAnalytics */ = {
			isa = XCSwiftPackageProductDependency;
			package = C7D946A929C03399009ED9BC /* XCRemoteSwiftPackageReference "firebase-ios-sdk" */;
			productName = FirebaseAnalytics;
		};
		C7D946AC29C03399009ED9BC /* FirebaseAnalyticsSwift */ = {
			isa = XCSwiftPackageProductDependency;
			package = C7D946A929C03399009ED9BC /* XCRemoteSwiftPackageReference "firebase-ios-sdk" */;
			productName = FirebaseAnalyticsSwift;
		};
		C7D946CF29C37253009ED9BC /* FirebaseAuth */ = {
			isa = XCSwiftPackageProductDependency;
			package = C7D946A929C03399009ED9BC /* XCRemoteSwiftPackageReference "firebase-ios-sdk" */;
			productName = FirebaseAuth;
		};
		C7EB288329DB20F400259447 /* FirebaseFirestore */ = {
			isa = XCSwiftPackageProductDependency;
			package = C7D946A929C03399009ED9BC /* XCRemoteSwiftPackageReference "firebase-ios-sdk" */;
			productName = FirebaseFirestore;
		};
		C7EB288529DB20F400259447 /* FirebaseFirestoreSwift */ = {
			isa = XCSwiftPackageProductDependency;
			package = C7D946A929C03399009ED9BC /* XCRemoteSwiftPackageReference "firebase-ios-sdk" */;
			productName = FirebaseFirestoreSwift;
		};
/* End XCSwiftPackageProductDependency section */
	};
	rootObject = C7D9468E29C03166009ED9BC /* Project object */;
}
